
Microsoft Visual Studio Solution File, Format Version 12.00
# Visual Studio Version 17
VisualStudioVersion = 17.1.32328.378
MinimumVisualStudioVersion = 10.0.40219.1
Project("{FAE04EC0-301F-11D3-BF4B-00C04F79EFBC}") = "AlTallerWebBE", "AlTallerWebBE.csproj", "{C6E8D14D-8782-4D7A-9A1C-249BAF543EEA}"
EndProject
Global
	GlobalSection(SolutionConfigurationPlatforms) = preSolution
		Debug|Any CPU = Debug|Any CPU
		Release|Any CPU = Release|Any CPU
	EndGlobalSection
	GlobalSection(ProjectConfigurationPlatforms) = postSolution
		{C6E8D14D-8782-4D7A-9A1C-249BAF543EEA}.Debug|Any CPU.ActiveCfg = Debug|Any CPU
		{C6E8D14D-8782-4D7A-9A1C-249BAF543EEA}.Debug|Any CPU.Build.0 = Debug|Any CPU
		{C6E8D14D-8782-4D7A-9A1C-249BAF543EEA}.Release|Any CPU.ActiveCfg = Release|Any CPU
		{C6E8D14D-8782-4D7A-9A1C-249BAF543EEA}.Release|Any CPU.Build.0 = Release|Any CPU
	EndGlobalSection
	GlobalSection(SolutionProperties) = preSolution
		HideSolutionNode = FALSE
	EndGlobalSection
	GlobalSection(ExtensibilityGlobals) = postSolution
		SolutionGuid = {D1331BE7-E79D-4E74-BDBC-54FA5C58628F}
	EndGlobalSection
EndGlobal
